
Microsoft Visual Studio Solution File, Format Version 12.00
# Visual Studio Version 17
VisualStudioVersion = 17.0.31903.59
MinimumVisualStudioVersion = 10.0.40219.1
Project("{2150E333-8FDC-42A3-9474-1A3956D46DE8}") = "src", "src", "{827E0CD3-B72D-47B6-A68D-7590B98EB39B}"
EndProject
Project("{FAE04EC0-301F-11D3-BF4B-00C04F79EFBC}") = "RetailCore.Domain", "src\RetailCore.Domain\RetailCore.Domain.csproj", "{CAED4EA3-5C28-4160-A81D-029AEDFC176A}"
EndProject
Project("{FAE04EC0-301F-11D3-BF4B-00C04F79EFBC}") = "RetailCore.Contracts", "src\RetailCore.Contracts\RetailCore.Contracts.csproj", "{F92C059B-8BAF-46F3-A3F0-5EEECF6C7811}"
EndProject
Project("{FAE04EC0-301F-11D3-BF4B-00C04F79EFBC}") = "RetailCore.Application", "src\RetailCore.Application\RetailCore.Application.csproj", "{3B5999D7-5BB7-4233-87F9-070F24C644A1}"
EndProject
Project("{FAE04EC0-301F-11D3-BF4B-00C04F79EFBC}") = "RetailCore.Infrastructure", "src\RetailCore.Infrastructure\RetailCore.Infrastructure.csproj", "{D8708812-4B65-4D75-A945-CB1EEE4077A8}"
EndProject
Project("{FAE04EC0-301F-11D3-BF4B-00C04F79EFBC}") = "RetailCore.Api", "src\RetailCore.Api\RetailCore.Api.csproj", "{B761A84C-5AB9-43DA-9857-E5980C0FDC44}"
EndProject
Project("{FAE04EC0-301F-11D3-BF4B-00C04F79EFBC}") = "RetailCore.Tests", "tests\RetailCore.Tests\RetailCore.Tests.csproj", "{D45E7292-1AA9-4577-8666-63297F60C4AB}"
EndProject
Global
	GlobalSection(SolutionConfigurationPlatforms) = preSolution
		Debug|Any CPU = Debug|Any CPU
		Debug|x64 = Debug|x64
		Debug|x86 = Debug|x86
		Release|Any CPU = Release|Any CPU
		Release|x64 = Release|x64
		Release|x86 = Release|x86
	EndGlobalSection
	GlobalSection(ProjectConfigurationPlatforms) = postSolution
		{CAED4EA3-5C28-4160-A81D-029AEDFC176A}.Debug|Any CPU.ActiveCfg = Debug|Any CPU
		{CAED4EA3-5C28-4160-A81D-029AEDFC176A}.Debug|Any CPU.Build.0 = Debug|Any CPU
		{CAED4EA3-5C28-4160-A81D-029AEDFC176A}.Debug|x64.ActiveCfg = Debug|Any CPU
		{CAED4EA3-5C28-4160-A81D-029AEDFC176A}.Debug|x64.Build.0 = Debug|Any CPU
		{CAED4EA3-5C28-4160-A81D-029AEDFC176A}.Debug|x86.ActiveCfg = Debug|Any CPU
		{CAED4EA3-5C28-4160-A81D-029AEDFC176A}.Debug|x86.Build.0 = Debug|Any CPU
		{CAED4EA3-5C28-4160-A81D-029AEDFC176A}.Release|Any CPU.ActiveCfg = Release|Any CPU
		{CAED4EA3-5C28-4160-A81D-029AEDFC176A}.Release|Any CPU.Build.0 = Release|Any CPU
		{CAED4EA3-5C28-4160-A81D-029AEDFC176A}.Release|x64.ActiveCfg = Release|Any CPU
		{CAED4EA3-5C28-4160-A81D-029AEDFC176A}.Release|x64.Build.0 = Release|Any CPU
		{CAED4EA3-5C28-4160-A81D-029AEDFC176A}.Release|x86.ActiveCfg = Release|Any CPU
		{CAED4EA3-5C28-4160-A81D-029AEDFC176A}.Release|x86.Build.0 = Release|Any CPU
		{F92C059B-8BAF-46F3-A3F0-5EEECF6C7811}.Debug|Any CPU.ActiveCfg = Debug|Any CPU
		{F92C059B-8BAF-46F3-A3F0-5EEECF6C7811}.Debug|Any CPU.Build.0 = Debug|Any CPU
		{F92C059B-8BAF-46F3-A3F0-5EEECF6C7811}.Debug|x64.ActiveCfg = Debug|Any CPU
		{F92C059B-8BAF-46F3-A3F0-5EEECF6C7811}.Debug|x64.Build.0 = Debug|Any CPU
		{F92C059B-8BAF-46F3-A3F0-5EEECF6C7811}.Debug|x86.ActiveCfg = Debug|Any CPU
		{F92C059B-8BAF-46F3-A3F0-5EEECF6C7811}.Debug|x86.Build.0 = Debug|Any CPU
		{F92C059B-8BAF-46F3-A3F0-5EEECF6C7811}.Release|Any CPU.ActiveCfg = Release|Any CPU
		{F92C059B-8BAF-46F3-A3F0-5EEECF6C7811}.Release|Any CPU.Build.0 = Release|Any CPU
		{F92C059B-8BAF-46F3-A3F0-5EEECF6C7811}.Release|x64.ActiveCfg = Release|Any CPU
		{F92C059B-8BAF-46F3-A3F0-5EEECF6C7811}.Release|x64.Build.0 = Release|Any CPU
		{F92C059B-8BAF-46F3-A3F0-5EEECF6C7811}.Release|x86.ActiveCfg = Release|Any CPU
		{F92C059B-8BAF-46F3-A3F0-5EEECF6C7811}.Release|x86.Build.0 = Release|Any CPU
		{3B5999D7-5BB7-4233-87F9-070F24C644A1}.Debug|Any CPU.ActiveCfg = Debug|Any CPU
		{3B5999D7-5BB7-4233-87F9-070F24C644A1}.Debug|Any CPU.Build.0 = Debug|Any CPU
		{3B5999D7-5BB7-4233-87F9-070F24C644A1}.Debug|x64.ActiveCfg = Debug|Any CPU
		{3B5999D7-5BB7-4233-87F9-070F24C644A1}.Debug|x64.Build.0 = Debug|Any CPU
		{3B5999D7-5BB7-4233-87F9-070F24C644A1}.Debug|x86.ActiveCfg = Debug|Any CPU
		{3B5999D7-5BB7-4233-87F9-070F24C644A1}.Debug|x86.Build.0 = Debug|Any CPU
		{3B5999D7-5BB7-4233-87F9-070F24C644A1}.Release|Any CPU.ActiveCfg = Release|Any CPU
		{3B5999D7-5BB7-4233-87F9-070F24C644A1}.Release|Any CPU.Build.0 = Release|Any CPU
		{3B5999D7-5BB7-4233-87F9-070F24C644A1}.Release|x64.ActiveCfg = Release|Any CPU
		{3B5999D7-5BB7-4233-87F9-070F24C644A1}.Release|x64.Build.0 = Release|Any CPU
		{3B5999D7-5BB7-4233-87F9-070F24C644A1}.Release|x86.ActiveCfg = Release|Any CPU
		{3B5999D7-5BB7-4233-87F9-070F24C644A1}.Release|x86.Build.0 = Release|Any CPU
		{D8708812-4B65-4D75-A945-CB1EEE4077A8}.Debug|Any CPU.ActiveCfg = Debug|Any CPU
		{D8708812-4B65-4D75-A945-CB1EEE4077A8}.Debug|Any CPU.Build.0 = Debug|Any CPU
		{D8708812-4B65-4D75-A945-CB1EEE4077A8}.Debug|x64.ActiveCfg = Debug|Any CPU
		{D8708812-4B65-4D75-A945-CB1EEE4077A8}.Debug|x64.Build.0 = Debug|Any CPU
		{D8708812-4B65-4D75-A945-CB1EEE4077A8}.Debug|x86.ActiveCfg = Debug|Any CPU
		{D8708812-4B65-4D75-A945-CB1EEE4077A8}.Debug|x86.Build.0 = Debug|Any CPU
		{D8708812-4B65-4D75-A945-CB1EEE4077A8}.Release|Any CPU.ActiveCfg = Release|Any CPU
		{D8708812-4B65-4D75-A945-CB1EEE4077A8}.Release|Any CPU.Build.0 = Release|Any CPU
		{D8708812-4B65-4D75-A945-CB1EEE4077A8}.Release|x64.ActiveCfg = Release|Any CPU
		{D8708812-4B65-4D75-A945-CB1EEE4077A8}.Release|x64.Build.0 = Release|Any CPU
		{D8708812-4B65-4D75-A945-CB1EEE4077A8}.Release|x86.ActiveCfg = Release|Any CPU
		{D8708812-4B65-4D75-A945-CB1EEE4077A8}.Release|x86.Build.0 = Release|Any CPU
		{B761A84C-5AB9-43DA-9857-E5980C0FDC44}.Debug|Any CPU.ActiveCfg = Debug|Any CPU
		{B761A84C-5AB9-43DA-9857-E5980C0FDC44}.Debug|Any CPU.Build.0 = Debug|Any CPU
		{B761A84C-5AB9-43DA-9857-E5980C0FDC44}.Debug|x64.ActiveCfg = Debug|Any CPU
		{B761A84C-5AB9-43DA-9857-E5980C0FDC44}.Debug|x64.Build.0 = Debug|Any CPU
		{B761A84C-5AB9-43DA-9857-E5980C0FDC44}.Debug|x86.ActiveCfg = Debug|Any CPU
		{B761A84C-5AB9-43DA-9857-E5980C0FDC44}.Debug|x86.Build.0 = Debug|Any CPU
		{B761A84C-5AB9-43DA-9857-E5980C0FDC44}.Release|Any CPU.ActiveCfg = Release|Any CPU
		{B761A84C-5AB9-43DA-9857-E5980C0FDC44}.Release|Any CPU.Build.0 = Release|Any CPU
		{B761A84C-5AB9-43DA-9857-E5980C0FDC44}.Release|x64.ActiveCfg = Release|Any CPU
		{B761A84C-5AB9-43DA-9857-E5980C0FDC44}.Release|x64.Build.0 = Release|Any CPU
		{B761A84C-5AB9-43DA-9857-E5980C0FDC44}.Release|x86.ActiveCfg = Release|Any CPU
		{B761A84C-5AB9-43DA-9857-E5980C0FDC44}.Release|x86.Build.0 = Release|Any CPU
		{D45E7292-1AA9-4577-8666-63297F60C4AB}.Debug|Any CPU.ActiveCfg = Debug|Any CPU
		{D45E7292-1AA9-4577-8666-63297F60C4AB}.Debug|Any CPU.Build.0 = Debug|Any CPU
		{D45E7292-1AA9-4577-8666-63297F60C4AB}.Debug|x64.ActiveCfg = Debug|Any CPU
		{D45E7292-1AA9-4577-8666-63297F60C4AB}.Debug|x64.Build.0 = Debug|Any CPU
		{D45E7292-1AA9-4577-8666-63297F60C4AB}.Debug|x86.ActiveCfg = Debug|Any CPU
		{D45E7292-1AA9-4577-8666-63297F60C4AB}.Debug|x86.Build.0 = Debug|Any CPU
		{D45E7292-1AA9-4577-8666-63297F60C4AB}.Release|Any CPU.ActiveCfg = Release|Any CPU
		{D45E7292-1AA9-4577-8666-63297F60C4AB}.Release|Any CPU.Build.0 = Release|Any CPU
		{D45E7292-1AA9-4577-8666-63297F60C4AB}.Release|x64.ActiveCfg = Release|Any CPU
		{D45E7292-1AA9-4577-8666-63297F60C4AB}.Release|x64.Build.0 = Release|Any CPU
		{D45E7292-1AA9-4577-8666-63297F60C4AB}.Release|x86.ActiveCfg = Release|Any CPU
		{D45E7292-1AA9-4577-8666-63297F60C4AB}.Release|x86.Build.0 = Release|Any CPU
	EndGlobalSection
	GlobalSection(SolutionProperties) = preSolution
		HideSolutionNode = FALSE
	EndGlobalSection
	GlobalSection(NestedProjects) = preSolution
		{CAED4EA3-5C28-4160-A81D-029AEDFC176A} = {827E0CD3-B72D-47B6-A68D-7590B98EB39B}
		{F92C059B-8BAF-46F3-A3F0-5EEECF6C7811} = {827E0CD3-B72D-47B6-A68D-7590B98EB39B}
		{3B5999D7-5BB7-4233-87F9-070F24C644A1} = {827E0CD3-B72D-47B6-A68D-7590B98EB39B}
		{D8708812-4B65-4D75-A945-CB1EEE4077A8} = {827E0CD3-B72D-47B6-A68D-7590B98EB39B}
		{B761A84C-5AB9-43DA-9857-E5980C0FDC44} = {827E0CD3-B72D-47B6-A68D-7590B98EB39B}
		{D45E7292-1AA9-4577-8666-63297F60C4AB} = {827E0CD3-B72D-47B6-A68D-7590B98EB39B}
	EndGlobalSection
EndGlobal
